
Microsoft Visual Studio Solution File, Format Version 12.00
# Visual Studio Version 17
VisualStudioVersion = 17.0.31903.59
MinimumVisualStudioVersion = 10.0.40219.1
Project("{FAE04EC0-301F-11D3-BF4B-00C04F79EFBC}") = "CalculadoraTestes", "CalculadoraTestes\CalculadoraTestes.csproj", "{E5649DDC-3259-4745-B3D8-242AEFB05097}"
EndProject
Project("{FAE04EC0-301F-11D3-BF4B-00C04F79EFBC}") = "Calculadora", "Calculadora\Calculadora.csproj", "{F156C0F1-04D5-4678-9AFB-1BCC6D314657}"
EndProject
Global
	GlobalSection(SolutionConfigurationPlatforms) = preSolution
		Debug|Any CPU = Debug|Any CPU
		Release|Any CPU = Release|Any CPU
	EndGlobalSection
	GlobalSection(SolutionProperties) = preSolution
		HideSolutionNode = FALSE
	EndGlobalSection
	GlobalSection(ProjectConfigurationPlatforms) = postSolution
		{E5649DDC-3259-4745-B3D8-242AEFB05097}.Debug|Any CPU.ActiveCfg = Debug|Any CPU
		{E5649DDC-3259-4745-B3D8-242AEFB05097}.Debug|Any CPU.Build.0 = Debug|Any CPU
		{E5649DDC-3259-4745-B3D8-242AEFB05097}.Release|Any CPU.ActiveCfg = Release|Any CPU
		{E5649DDC-3259-4745-B3D8-242AEFB05097}.Release|Any CPU.Build.0 = Release|Any CPU
		{F156C0F1-04D5-4678-9AFB-1BCC6D314657}.Debug|Any CPU.ActiveCfg = Debug|Any CPU
		{F156C0F1-04D5-4678-9AFB-1BCC6D314657}.Debug|Any CPU.Build.0 = Debug|Any CPU
		{F156C0F1-04D5-4678-9AFB-1BCC6D314657}.Release|Any CPU.ActiveCfg = Release|Any CPU
		{F156C0F1-04D5-4678-9AFB-1BCC6D314657}.Release|Any CPU.Build.0 = Release|Any CPU
	EndGlobalSection
EndGlobal
